
Microsoft Visual Studio Solution File, Format Version 12.00
# Visual Studio Version 17
VisualStudioVersion = 17.0.31612.314
MinimumVisualStudioVersion = 10.0.40219.1
Project("{9A19103F-16F7-4668-BE54-9A1E7A4F7556}") = "DesignPatterns.Test", "DesignPatterns.Test\DesignPatterns.Test.csproj", "{04F13C19-7499-47CD-93D2-BBB0CC76DFBE}"
EndProject
Project("{9A19103F-16F7-4668-BE54-9A1E7A4F7556}") = "DesignPatterns.Library", "DesignPatterns.Library\DesignPatterns.Library.csproj", "{38B75F20-8389-497B-BA6A-9BF70432544E}"
EndProject
Project("{2150E333-8FDC-42A3-9474-1A3956D46DE8}") = "Solution Items", "Solution Items", "{A4B677A5-9832-4D9B-A59E-3BBF326EC9A6}"
	ProjectSection(SolutionItems) = preProject
		Readme.md = Readme.md
	EndProjectSection
EndProject
Global
	GlobalSection(SolutionConfigurationPlatforms) = preSolution
		Debug|Any CPU = Debug|Any CPU
		Release|Any CPU = Release|Any CPU
	EndGlobalSection
	GlobalSection(ProjectConfigurationPlatforms) = postSolution
		{04F13C19-7499-47CD-93D2-BBB0CC76DFBE}.Debug|Any CPU.ActiveCfg = Debug|Any CPU
		{04F13C19-7499-47CD-93D2-BBB0CC76DFBE}.Debug|Any CPU.Build.0 = Debug|Any CPU
		{04F13C19-7499-47CD-93D2-BBB0CC76DFBE}.Release|Any CPU.ActiveCfg = Release|Any CPU
		{04F13C19-7499-47CD-93D2-BBB0CC76DFBE}.Release|Any CPU.Build.0 = Release|Any CPU
		{38B75F20-8389-497B-BA6A-9BF70432544E}.Debug|Any CPU.ActiveCfg = Debug|Any CPU
		{38B75F20-8389-497B-BA6A-9BF70432544E}.Debug|Any CPU.Build.0 = Debug|Any CPU
		{38B75F20-8389-497B-BA6A-9BF70432544E}.Release|Any CPU.ActiveCfg = Release|Any CPU
		{38B75F20-8389-497B-BA6A-9BF70432544E}.Release|Any CPU.Build.0 = Release|Any CPU
	EndGlobalSection
	GlobalSection(SolutionProperties) = preSolution
		HideSolutionNode = FALSE
	EndGlobalSection
	GlobalSection(ExtensibilityGlobals) = postSolution
		SolutionGuid = {6BA316B3-499E-4B32-8AB9-1E648C7A5654}
	EndGlobalSection
EndGlobal
